
Microsoft Visual Studio Solution File, Format Version 12.00
# Visual Studio Version 17
VisualStudioVersion = 17.8.34511.84
MinimumVisualStudioVersion = 10.0.40219.1
Project("{FAE04EC0-301F-11D3-BF4B-00C04F79EFBC}") = "wordsearch", "wordsearch.csproj", "{53B488DF-0917-4B10-B217-1D8EC3B834F6}"
EndProject
Global
	GlobalSection(SolutionConfigurationPlatforms) = preSolution
		Debug|Any CPU = Debug|Any CPU
		Release|Any CPU = Release|Any CPU
	EndGlobalSection
	GlobalSection(ProjectConfigurationPlatforms) = postSolution
		{53B488DF-0917-4B10-B217-1D8EC3B834F6}.Debug|Any CPU.ActiveCfg = Debug|Any CPU
		{53B488DF-0917-4B10-B217-1D8EC3B834F6}.Debug|Any CPU.Build.0 = Debug|Any CPU
		{53B488DF-0917-4B10-B217-1D8EC3B834F6}.Release|Any CPU.ActiveCfg = Release|Any CPU
		{53B488DF-0917-4B10-B217-1D8EC3B834F6}.Release|Any CPU.Build.0 = Release|Any CPU
	EndGlobalSection
	GlobalSection(SolutionProperties) = preSolution
		HideSolutionNode = FALSE
	EndGlobalSection
	GlobalSection(ExtensibilityGlobals) = postSolution
		SolutionGuid = {20AD8F95-95C9-4640-B005-43F929615098}
	EndGlobalSection
EndGlobal
